
Microsoft Visual Studio Solution File, Format Version 12.00
# Visual Studio 14
Project("{8BC9CEB8-8B4A-11D0-8D11-00A0C91BC942}") = "ALL_BUILD", "ALL_BUILD.vcxproj", "{E9FE0443-8A94-315F-A505-8C6886C1EFC5}"
	ProjectSection(ProjectDependencies) = postProject
		{5D7836CE-F964-3D8E-B364-FDF1B4146EC5} = {5D7836CE-F964-3D8E-B364-FDF1B4146EC5}
		{482DA38D-1183-30EF-B053-B2F5F89206D3} = {482DA38D-1183-30EF-B053-B2F5F89206D3}
		{B8CF59B3-0C52-3223-A92F-F92E91D61F60} = {B8CF59B3-0C52-3223-A92F-F92E91D61F60}
		{54AFEE5A-C400-3BFC-AD14-27517C416472} = {54AFEE5A-C400-3BFC-AD14-27517C416472}
	EndProjectSection
EndProject
Project("{8BC9CEB8-8B4A-11D0-8D11-00A0C91BC942}") = "ZERO_CHECK", "ZERO_CHECK.vcxproj", "{5D7836CE-F964-3D8E-B364-FDF1B4146EC5}"
	ProjectSection(ProjectDependencies) = postProject
	EndProjectSection
EndProject
Project("{8BC9CEB8-8B4A-11D0-8D11-00A0C91BC942}") = "epoll_clt", "epoll_clt.vcxproj", "{482DA38D-1183-30EF-B053-B2F5F89206D3}"
	ProjectSection(ProjectDependencies) = postProject
		{5D7836CE-F964-3D8E-B364-FDF1B4146EC5} = {5D7836CE-F964-3D8E-B364-FDF1B4146EC5}
	EndProjectSection
EndProject
Project("{8BC9CEB8-8B4A-11D0-8D11-00A0C91BC942}") = "epoll_local", "epoll_local.vcxproj", "{B8CF59B3-0C52-3223-A92F-F92E91D61F60}"
	ProjectSection(ProjectDependencies) = postProject
		{5D7836CE-F964-3D8E-B364-FDF1B4146EC5} = {5D7836CE-F964-3D8E-B364-FDF1B4146EC5}
	EndProjectSection
EndProject
Project("{8BC9CEB8-8B4A-11D0-8D11-00A0C91BC942}") = "epoll_svc", "epoll_svc.vcxproj", "{54AFEE5A-C400-3BFC-AD14-27517C416472}"
	ProjectSection(ProjectDependencies) = postProject
		{5D7836CE-F964-3D8E-B364-FDF1B4146EC5} = {5D7836CE-F964-3D8E-B364-FDF1B4146EC5}
	EndProjectSection
EndProject
Global
	GlobalSection(SolutionConfigurationPlatforms) = preSolution
		Debug|Win32 = Debug|Win32
		Release|Win32 = Release|Win32
		MinSizeRel|Win32 = MinSizeRel|Win32
		RelWithDebInfo|Win32 = RelWithDebInfo|Win32
	EndGlobalSection
	GlobalSection(ProjectConfigurationPlatforms) = postSolution
		{E9FE0443-8A94-315F-A505-8C6886C1EFC5}.Debug|Win32.ActiveCfg = Debug|Win32
		{E9FE0443-8A94-315F-A505-8C6886C1EFC5}.Release|Win32.ActiveCfg = Release|Win32
		{E9FE0443-8A94-315F-A505-8C6886C1EFC5}.MinSizeRel|Win32.ActiveCfg = MinSizeRel|Win32
		{E9FE0443-8A94-315F-A505-8C6886C1EFC5}.RelWithDebInfo|Win32.ActiveCfg = RelWithDebInfo|Win32
		{5D7836CE-F964-3D8E-B364-FDF1B4146EC5}.Debug|Win32.ActiveCfg = Debug|Win32
		{5D7836CE-F964-3D8E-B364-FDF1B4146EC5}.Debug|Win32.Build.0 = Debug|Win32
		{5D7836CE-F964-3D8E-B364-FDF1B4146EC5}.Release|Win32.ActiveCfg = Release|Win32
		{5D7836CE-F964-3D8E-B364-FDF1B4146EC5}.Release|Win32.Build.0 = Release|Win32
		{5D7836CE-F964-3D8E-B364-FDF1B4146EC5}.MinSizeRel|Win32.ActiveCfg = MinSizeRel|Win32
		{5D7836CE-F964-3D8E-B364-FDF1B4146EC5}.MinSizeRel|Win32.Build.0 = MinSizeRel|Win32
		{5D7836CE-F964-3D8E-B364-FDF1B4146EC5}.RelWithDebInfo|Win32.ActiveCfg = RelWithDebInfo|Win32
		{5D7836CE-F964-3D8E-B364-FDF1B4146EC5}.RelWithDebInfo|Win32.Build.0 = RelWithDebInfo|Win32
		{482DA38D-1183-30EF-B053-B2F5F89206D3}.Debug|Win32.ActiveCfg = Debug|Win32
		{482DA38D-1183-30EF-B053-B2F5F89206D3}.Debug|Win32.Build.0 = Debug|Win32
		{482DA38D-1183-30EF-B053-B2F5F89206D3}.Release|Win32.ActiveCfg = Release|Win32
		{482DA38D-1183-30EF-B053-B2F5F89206D3}.Release|Win32.Build.0 = Release|Win32
		{482DA38D-1183-30EF-B053-B2F5F89206D3}.MinSizeRel|Win32.ActiveCfg = MinSizeRel|Win32
		{482DA38D-1183-30EF-B053-B2F5F89206D3}.MinSizeRel|Win32.Build.0 = MinSizeRel|Win32
		{482DA38D-1183-30EF-B053-B2F5F89206D3}.RelWithDebInfo|Win32.ActiveCfg = RelWithDebInfo|Win32
		{482DA38D-1183-30EF-B053-B2F5F89206D3}.RelWithDebInfo|Win32.Build.0 = RelWithDebInfo|Win32
		{B8CF59B3-0C52-3223-A92F-F92E91D61F60}.Debug|Win32.ActiveCfg = Debug|Win32
		{B8CF59B3-0C52-3223-A92F-F92E91D61F60}.Debug|Win32.Build.0 = Debug|Win32
		{B8CF59B3-0C52-3223-A92F-F92E91D61F60}.Release|Win32.ActiveCfg = Release|Win32
		{B8CF59B3-0C52-3223-A92F-F92E91D61F60}.Release|Win32.Build.0 = Release|Win32
		{B8CF59B3-0C52-3223-A92F-F92E91D61F60}.MinSizeRel|Win32.ActiveCfg = MinSizeRel|Win32
		{B8CF59B3-0C52-3223-A92F-F92E91D61F60}.MinSizeRel|Win32.Build.0 = MinSizeRel|Win32
		{B8CF59B3-0C52-3223-A92F-F92E91D61F60}.RelWithDebInfo|Win32.ActiveCfg = RelWithDebInfo|Win32
		{B8CF59B3-0C52-3223-A92F-F92E91D61F60}.RelWithDebInfo|Win32.Build.0 = RelWithDebInfo|Win32
		{54AFEE5A-C400-3BFC-AD14-27517C416472}.Debug|Win32.ActiveCfg = Debug|Win32
		{54AFEE5A-C400-3BFC-AD14-27517C416472}.Debug|Win32.Build.0 = Debug|Win32
		{54AFEE5A-C400-3BFC-AD14-27517C416472}.Release|Win32.ActiveCfg = Release|Win32
		{54AFEE5A-C400-3BFC-AD14-27517C416472}.Release|Win32.Build.0 = Release|Win32
		{54AFEE5A-C400-3BFC-AD14-27517C416472}.MinSizeRel|Win32.ActiveCfg = MinSizeRel|Win32
		{54AFEE5A-C400-3BFC-AD14-27517C416472}.MinSizeRel|Win32.Build.0 = MinSizeRel|Win32
		{54AFEE5A-C400-3BFC-AD14-27517C416472}.RelWithDebInfo|Win32.ActiveCfg = RelWithDebInfo|Win32
		{54AFEE5A-C400-3BFC-AD14-27517C416472}.RelWithDebInfo|Win32.Build.0 = RelWithDebInfo|Win32
	EndGlobalSection
	GlobalSection(ExtensibilityGlobals) = postSolution
		SolutionGuid = {3FE2A280-F358-3D25-A768-D01728297F47}
	EndGlobalSection
	GlobalSection(ExtensibilityAddIns) = postSolution
	EndGlobalSection
EndGlobal
